// !$*UTF8*$!
{
	archiveVersion = 1;
	classes = {
	};
	objectVersion = 77;
	objects = {

/* Begin PBXBuildFile section */
		681FAB882DEC60BB007C2898 /* FirebaseAnalytics in Frameworks */ = {isa = PBXBuildFile; productRef = 681FAB872DEC60BB007C2898 /* FirebaseAnalytics */; };
		681FAB8A2DEC60BB007C2898 /* FirebaseCore in Frameworks */ = {isa = PBXBuildFile; productRef = 681FAB892DEC60BB007C2898 /* FirebaseCore */; };
		681FAB982DEC6214007C2898 /* FirebaseRemoteConfig in Frameworks */ = {isa = PBXBuildFile; productRef = 681FAB972DEC6214007C2898 /* FirebaseRemoteConfig */; };
/* End PBXBuildFile section */

/* Begin PBXContainerItemProxy section */
		681FAB1B2DEC28C5007C2898 /* PBXContainerItemProxy */ = {
			isa = PBXContainerItemProxy;
			containerPortal = 681FAB022DEC28C3007C2898 /* Project object */;
			proxyType = 1;
			remoteGlobalIDString = 681FAB092DEC28C3007C2898;
			remoteInfo = "TZ project";
		};
		681FAB252DEC28C5007C2898 /* PBXContainerItemProxy */ = {
			isa = PBXContainerItemProxy;
			containerPortal = 681FAB022DEC28C3007C2898 /* Project object */;
			proxyType = 1;
			remoteGlobalIDString = 681FAB092DEC28C3007C2898;
			remoteInfo = "TZ project";
		};
/* End PBXContainerItemProxy section */

/* Begin PBXFileReference section */
		681FAB0A2DEC28C3007C2898 /* TZ project.app */ = {isa = PBXFileReference; explicitFileType = wrapper.application; includeInIndex = 0; path = "TZ project.app"; sourceTree = BUILT_PRODUCTS_DIR; };
		681FAB1A2DEC28C5007C2898 /* TZ projectTests.xctest */ = {isa = PBXFileReference; explicitFileType = wrapper.cfbundle; includeInIndex = 0; path = "TZ projectTests.xctest"; sourceTree = BUILT_PRODUCTS_DIR; };
		681FAB242DEC28C5007C2898 /* TZ projectUITests.xctest */ = {isa = PBXFileReference; explicitFileType = wrapper.cfbundle; includeInIndex = 0; path = "TZ projectUITests.xctest"; sourceTree = BUILT_PRODUCTS_DIR; };
/* End PBXFileReference section */

/* Begin PBXFileSystemSynchronizedRootGroup section */
		681FAB0C2DEC28C3007C2898 /* TZ project */ = {
			isa = PBXFileSystemSynchronizedRootGroup;
			path = "TZ project";
			sourceTree = "<group>";
		};
/* End PBXFileSystemSynchronizedRootGroup section */

/* Begin PBXFrameworksBuildPhase section */
		681FAB072DEC28C3007C2898 /* Frameworks */ = {
			isa = PBXFrameworksBuildPhase;
			buildActionMask = 2147483647;
			files = (
				681FAB982DEC6214007C2898 /* FirebaseRemoteConfig in Frameworks */,
				681FAB8A2DEC60BB007C2898 /* FirebaseCore in Frameworks */,
				681FAB882DEC60BB007C2898 /* FirebaseAnalytics in Frameworks */,
			);
			runOnlyForDeploymentPostprocessing = 0;
		};
		681FAB172DEC28C5007C2898 /* Frameworks */ = {
			isa = PBXFrameworksBuildPhase;
			buildActionMask = 2147483647;
			files = (
			);
			runOnlyForDeploymentPostprocessing = 0;
		};
		681FAB212DEC28C5007C2898 /* Frameworks */ = {
			isa = PBXFrameworksBuildPhase;
			buildActionMask = 2147483647;
			files = (
			);
			runOnlyForDeploymentPostprocessing = 0;
		};
/* End PBXFrameworksBuildPhase section */

/* Begin PBXGroup section */
		681FAB012DEC28C3007C2898 = {
			isa = PBXGroup;
			children = (
				681FAB0C2DEC28C3007C2898 /* TZ project */,
				681FAB0B2DEC28C3007C2898 /* Products */,
			);
			sourceTree = "<group>";
		};
		681FAB0B2DEC28C3007C2898 /* Products */ = {
			isa = PBXGroup;
			children = (
				681FAB0A2DEC28C3007C2898 /* TZ project.app */,
				681FAB1A2DEC28C5007C2898 /* TZ projectTests.xctest */,
				681FAB242DEC28C5007C2898 /* TZ projectUITests.xctest */,
			);
			name = Products;
			sourceTree = "<group>";
		};
/* End PBXGroup section */

/* Begin PBXNativeTarget section */
		681FAB092DEC28C3007C2898 /* TZ project */ = {
			isa = PBXNativeTarget;
			buildConfigurationList = 681FAB2E2DEC28C5007C2898 /* Build configuration list for PBXNativeTarget "TZ project" */;
			buildPhases = (
				681FAB062DEC28C3007C2898 /* Sources */,
				681FAB072DEC28C3007C2898 /* Frameworks */,
				681FAB082DEC28C3007C2898 /* Resources */,
			);
			buildRules = (
			);
			dependencies = (
			);
			fileSystemSynchronizedGroups = (
				681FAB0C2DEC28C3007C2898 /* TZ project */,
			);
			name = "TZ project";
			packageProductDependencies = (
				681FAB872DEC60BB007C2898 /* FirebaseAnalytics */,
				681FAB892DEC60BB007C2898 /* FirebaseCore */,
				681FAB972DEC6214007C2898 /* FirebaseRemoteConfig */,
			);
			productName = "TZ project";
			productReference = 681FAB0A2DEC28C3007C2898 /* TZ project.app */;
			productType = "com.apple.product-type.application";
		};
		681FAB192DEC28C5007C2898 /* TZ projectTests */ = {
			isa = PBXNativeTarget;
			buildConfigurationList = 681FAB312DEC28C5007C2898 /* Build configuration list for PBXNativeTarget "TZ projectTests" */;
			buildPhases = (
				681FAB162DEC28C5007C2898 /* Sources */,
				681FAB172DEC28C5007C2898 /* Frameworks */,
				681FAB182DEC28C5007C2898 /* Resources */,
			);
			buildRules = (
			);
			dependencies = (
				681FAB1C2DEC28C5007C2898 /* PBXTargetDependency */,
			);
			name = "TZ projectTests";
			packageProductDependencies = (
			);
			productName = "TZ projectTests";
			productReference = 681FAB1A2DEC28C5007C2898 /* TZ projectTests.xctest */;
			productType = "com.apple.product-type.bundle.unit-test";
		};
		681FAB232DEC28C5007C2898 /* TZ projectUITests */ = {
			isa = PBXNativeTarget;
			buildConfigurationList = 681FAB342DEC28C5007C2898 /* Build configuration list for PBXNativeTarget "TZ projectUITests" */;
			buildPhases = (
				681FAB202DEC28C5007C2898 /* Sources */,
				681FAB212DEC28C5007C2898 /* Frameworks */,
				681FAB222DEC28C5007C2898 /* Resources */,
			);
			buildRules = (
			);
			dependencies = (
				681FAB262DEC28C5007C2898 /* PBXTargetDependency */,
			);
			name = "TZ projectUITests";
			packageProductDependencies = (
			);
			productName = "TZ projectUITests";
			productReference = 681FAB242DEC28C5007C2898 /* TZ projectUITests.xctest */;
			productType = "com.apple.product-type.bundle.ui-testing";
		};
/* End PBXNativeTarget section */

/* Begin PBXProject section */
		681FAB022DEC28C3007C2898 /* Project object */ = {
			isa = PBXProject;
			attributes = {
				BuildIndependentTargetsInParallel = 1;
				LastSwiftUpdateCheck = 1620;
				LastUpgradeCheck = 1620;
				TargetAttributes = {
					681FAB092DEC28C3007C2898 = {
						CreatedOnToolsVersion = 16.2;
					};
					681FAB192DEC28C5007C2898 = {
						CreatedOnToolsVersion = 16.2;
						TestTargetID = 681FAB092DEC28C3007C2898;
					};
					681FAB232DEC28C5007C2898 = {
						CreatedOnToolsVersion = 16.2;
						TestTargetID = 681FAB092DEC28C3007C2898;
					};
				};
			};
			buildConfigurationList = 681FAB052DEC28C3007C2898 /* Build configuration list for PBXProject "TZ project" */;
			developmentRegion = en;
			hasScannedForEncodings = 0;
			knownRegions = (
				en,
				Base,
			);
			mainGroup = 681FAB012DEC28C3007C2898;
			minimizedProjectReferenceProxies = 1;
			packageReferences = (
				681FAB822DEC5CD4007C2898 /* XCRemoteSwiftPackageReference "firebase-ios-sdk" */,
			);
			preferredProjectObjectVersion = 77;
			productRefGroup = 681FAB0B2DEC28C3007C2898 /* Products */;
			projectDirPath = "";
			projectRoot = "";
			targets = (
				681FAB092DEC28C3007C2898 /* TZ project */,
				681FAB192DEC28C5007C2898 /* TZ projectTests */,
				681FAB232DEC28C5007C2898 /* TZ projectUITests */,
			);
		};
/* End PBXProject section */

/* Begin PBXResourcesBuildPhase section */
		681FAB082DEC28C3007C2898 /* Resources */ = {
			isa = PBXResourcesBuildPhase;
			buildActionMask = 2147483647;
			files = (
			);
			runOnlyForDeploymentPostprocessing = 0;
		};
		681FAB182DEC28C5007C2898 /* Resources */ = {
			isa = PBXResourcesBuildPhase;
			buildActionMask = 2147483647;
			files = (
			);
			runOnlyForDeploymentPostprocessing = 0;
		};
		681FAB222DEC28C5007C2898 /* Resources */ = {
			isa = PBXResourcesBuildPhase;
			buildActionMask = 2147483647;
			files = (
			);
			runOnlyForDeploymentPostprocessing = 0;
		};
/* End PBXResourcesBuildPhase section */

/* Begin PBXSourcesBuildPhase section */
		681FAB062DEC28C3007C2898 /* Sources */ = {
			isa = PBXSourcesBuildPhase;
			buildActionMask = 2147483647;
			files = (
			);
			runOnlyForDeploymentPostprocessing = 0;
		};
		681FAB162DEC28C5007C2898 /* Sources */ = {
			isa = PBXSourcesBuildPhase;
			buildActionMask = 2147483647;
			files = (
			);
			runOnlyForDeploymentPostprocessing = 0;
		};
		681FAB202DEC28C5007C2898 /* Sources */ = {
			isa = PBXSourcesBuildPhase;
			buildActionMask = 2147483647;
			files = (
			);
			runOnlyForDeploymentPostprocessing = 0;
		};
/* End PBXSourcesBuildPhase section */

/* Begin PBXTargetDependency section */
		681FAB1C2DEC28C5007C2898 /* PBXTargetDependency */ = {
			isa = PBXTargetDependency;
			target = 681FAB092DEC28C3007C2898 /* TZ project */;
			targetProxy = 681FAB1B2DEC28C5007C2898 /* PBXContainerItemProxy */;
		};
		681FAB262DEC28C5007C2898 /* PBXTargetDependency */ = {
			isa = PBXTargetDependency;
			target = 681FAB092DEC28C3007C2898 /* TZ project */;
			targetProxy = 681FAB252DEC28C5007C2898 /* PBXContainerItemProxy */;
		};
/* End PBXTargetDependency section */

/* Begin XCBuildConfiguration section */
		681FAB2C2DEC28C5007C2898 /* Debug */ = {
			isa = XCBuildConfiguration;
			buildSettings = {
				ALWAYS_SEARCH_USER_PATHS = NO;
				ASSETCATALOG_COMPILER_GENERATE_SWIFT_ASSET_SYMBOL_EXTENSIONS = YES;
				CLANG_ANALYZER_NONNULL = YES;
				CLANG_ANALYZER_NUMBER_OBJECT_CONVERSION = YES_AGGRESSIVE;
				CLANG_CXX_LANGUAGE_STANDARD = "gnu++20";
				CLANG_ENABLE_MODULES = YES;
				CLANG_ENABLE_OBJC_ARC = YES;
				CLANG_ENABLE_OBJC_WEAK = YES;
				CLANG_WARN_BLOCK_CAPTURE_AUTORELEASING = YES;
				CLANG_WARN_BOOL_CONVERSION = YES;
				CLANG_WARN_COMMA = YES;
				CLANG_WARN_CONSTANT_CONVERSION = YES;
				CLANG_WARN_DEPRECATED_OBJC_IMPLEMENTATIONS = YES;
				CLANG_WARN_DIRECT_OBJC_ISA_USAGE = YES_ERROR;
				CLANG_WARN_DOCUMENTATION_COMMENTS = YES;
				CLANG_WARN_EMPTY_BODY = YES;
				CLANG_WARN_ENUM_CONVERSION = YES;
				CLANG_WARN_INFINITE_RECURSION = YES;
				CLANG_WARN_INT_CONVERSION = YES;
				CLANG_WARN_NON_LITERAL_NULL_CONVERSION = YES;
				CLANG_WARN_OBJC_IMPLICIT_RETAIN_SELF = YES;
				CLANG_WARN_OBJC_LITERAL_CONVERSION = YES;
				CLANG_WARN_OBJC_ROOT_CLASS = YES_ERROR;
				CLANG_WARN_QUOTED_INCLUDE_IN_FRAMEWORK_HEADER = YES;
				CLANG_WARN_RANGE_LOOP_ANALYSIS = YES;
				CLANG_WARN_STRICT_PROTOTYPES = YES;
				CLANG_WARN_SUSPICIOUS_MOVE = YES;
				CLANG_WARN_UNGUARDED_AVAILABILITY = YES_AGGRESSIVE;
				CLANG_WARN_UNREACHABLE_CODE = YES;
				CLANG_WARN__DUPLICATE_METHOD_MATCH = YES;
				COPY_PHASE_STRIP = NO;
				DEBUG_INFORMATION_FORMAT = dwarf;
				ENABLE_STRICT_OBJC_MSGSEND = YES;
				ENABLE_TESTABILITY = YES;
				ENABLE_USER_SCRIPT_SANDBOXING = YES;
				GCC_C_LANGUAGE_STANDARD = gnu17;
				GCC_DYNAMIC_NO_PIC = NO;
				GCC_NO_COMMON_BLOCKS = YES;
				GCC_OPTIMIZATION_LEVEL = 0;
				GCC_PREPROCESSOR_DEFINITIONS = (
					"DEBUG=1",
					"$(inherited)",
				);
				GCC_WARN_64_TO_32_BIT_CONVERSION = YES;
				GCC_WARN_ABOUT_RETURN_TYPE = YES_ERROR;
				GCC_WARN_UNDECLARED_SELECTOR = YES;
				GCC_WARN_UNINITIALIZED_AUTOS = YES_AGGRESSIVE;
				GCC_WARN_UNUSED_FUNCTION = YES;
				GCC_WARN_UNUSED_VARIABLE = YES;
				IPHONEOS_DEPLOYMENT_TARGET = 18.2;
				LOCALIZATION_PREFERS_STRING_CATALOGS = YES;
				MTL_ENABLE_DEBUG_INFO = INCLUDE_SOURCE;
				MTL_FAST_MATH = YES;
				ONLY_ACTIVE_ARCH = YES;
				SDKROOT = iphoneos;
				SWIFT_ACTIVE_COMPILATION_CONDITIONS = "DEBUG $(inherited)";
				SWIFT_OPTIMIZATION_LEVEL = "-Onone";
			};
			name = Debug;
		};
		681FAB2D2DEC28C5007C2898 /* Release */ = {
			isa = XCBuildConfiguration;
			buildSettings = {
				ALWAYS_SEARCH_USER_PATHS = NO;
				ASSETCATALOG_COMPILER_GENERATE_SWIFT_ASSET_SYMBOL_EXTENSIONS = YES;
				CLANG_ANALYZER_NONNULL = YES;
				CLANG_ANALYZER_NUMBER_OBJECT_CONVERSION = YES_AGGRESSIVE;
				CLANG_CXX_LANGUAGE_STANDARD = "gnu++20";
				CLANG_ENABLE_MODULES = YES;
				CLANG_ENABLE_OBJC_ARC = YES;
				CLANG_ENABLE_OBJC_WEAK = YES;
				CLANG_WARN_BLOCK_CAPTURE_AUTORELEASING = YES;
				CLANG_WARN_BOOL_CONVERSION = YES;
				CLANG_WARN_COMMA = YES;
				CLANG_WARN_CONSTANT_CONVERSION = YES;
				CLANG_WARN_DEPRECATED_OBJC_IMPLEMENTATIONS = YES;
				CLANG_WARN_DIRECT_OBJC_ISA_USAGE = YES_ERROR;
				CLANG_WARN_DOCUMENTATION_COMMENTS = YES;
				CLANG_WARN_EMPTY_BODY = YES;
				CLANG_WARN_ENUM_CONVERSION = YES;
				CLANG_WARN_INFINITE_RECURSION = YES;
				CLANG_WARN_INT_CONVERSION = YES;
				CLANG_WARN_NON_LITERAL_NULL_CONVERSION = YES;
				CLANG_WARN_OBJC_IMPLICIT_RETAIN_SELF = YES;
				CLANG_WARN_OBJC_LITERAL_CONVERSION = YES;
				CLANG_WARN_OBJC_ROOT_CLASS = YES_ERROR;
				CLANG_WARN_QUOTED_INCLUDE_IN_FRAMEWORK_HEADER = YES;
				CLANG_WARN_RANGE_LOOP_ANALYSIS = YES;
				CLANG_WARN_STRICT_PROTOTYPES = YES;
				CLANG_WARN_SUSPICIOUS_MOVE = YES;
				CLANG_WARN_UNGUARDED_AVAILABILITY = YES_AGGRESSIVE;
				CLANG_WARN_UNREACHABLE_CODE = YES;
				CLANG_WARN__DUPLICATE_METHOD_MATCH = YES;
				COPY_PHASE_STRIP = NO;
				DEBUG_INFORMATION_FORMAT = "dwarf-with-dsym";
				ENABLE_NS_ASSERTIONS = NO;
				ENABLE_STRICT_OBJC_MSGSEND = YES;
				ENABLE_USER_SCRIPT_SANDBOXING = YES;
				GCC_C_LANGUAGE_STANDARD = gnu17;
				GCC_NO_COMMON_BLOCKS = YES;
				GCC_WARN_64_TO_32_BIT_CONVERSION = YES;
				GCC_WARN_ABOUT_RETURN_TYPE = YES_ERROR;
				GCC_WARN_UNDECLARED_SELECTOR = YES;
				GCC_WARN_UNINITIALIZED_AUTOS = YES_AGGRESSIVE;
				GCC_WARN_UNUSED_FUNCTION = YES;
				GCC_WARN_UNUSED_VARIABLE = YES;
				IPHONEOS_DEPLOYMENT_TARGET = 18.2;
				LOCALIZATION_PREFERS_STRING_CATALOGS = YES;
				MTL_ENABLE_DEBUG_INFO = NO;
				MTL_FAST_MATH = YES;
				SDKROOT = iphoneos;
				SWIFT_COMPILATION_MODE = wholemodule;
				VALIDATE_PRODUCT = YES;
			};
			name = Release;
		};
		681FAB2F2DEC28C5007C2898 /* Debug */ = {
			isa = XCBuildConfiguration;
			buildSettings = {
				ASSETCATALOG_COMPILER_APPICON_NAME = AppIcon;
				ASSETCATALOG_COMPILER_GLOBAL_ACCENT_COLOR_NAME = AccentColor;
				CODE_SIGN_STYLE = Automatic;
				CURRENT_PROJECT_VERSION = 1;
				DEVELOPMENT_ASSET_PATHS = "\"TZ project/Preview Content\"";
				ENABLE_PREVIEWS = YES;
				GENERATE_INFOPLIST_FILE = YES;
				INFOPLIST_KEY_UIApplicationSceneManifest_Generation = YES;
				INFOPLIST_KEY_UIApplicationSupportsIndirectInputEvents = YES;
				INFOPLIST_KEY_UILaunchScreen_Generation = YES;
				INFOPLIST_KEY_UISupportedInterfaceOrientations_iPad = "UIInterfaceOrientationPortrait UIInterfaceOrientationPortraitUpsideDown UIInterfaceOrientationLandscapeLeft UIInterfaceOrientationLandscapeRight";
				INFOPLIST_KEY_UISupportedInterfaceOrientations_iPhone = "UIInterfaceOrientationPortrait UIInterfaceOrientationLandscapeLeft UIInterfaceOrientationLandscapeRight";
				LD_RUNPATH_SEARCH_PATHS = (
					"$(inherited)",
					"@executable_path/Frameworks",
				);
				MARKETING_VERSION = 1.0;
				PRODUCT_BUNDLE_IDENTIFIER = "com.TZ-project";
				PRODUCT_NAME = "$(TARGET_NAME)";
				SWIFT_EMIT_LOC_STRINGS = YES;
				SWIFT_VERSION = 5.0;
				TARGETED_DEVICE_FAMILY = "1,2";
			};
			name = Debug;
		};
		681FAB302DEC28C5007C2898 /* Release */ = {
			isa = XCBuildConfiguration;
			buildSettings = {
				ASSETCATALOG_COMPILER_APPICON_NAME = AppIcon;
				ASSETCATALOG_COMPILER_GLOBAL_ACCENT_COLOR_NAME = AccentColor;
				CODE_SIGN_STYLE = Automatic;
				CURRENT_PROJECT_VERSION = 1;
				DEVELOPMENT_ASSET_PATHS = "\"TZ project/Preview Content\"";
				ENABLE_PREVIEWS = YES;
				GENERATE_INFOPLIST_FILE = YES;
				INFOPLIST_KEY_UIApplicationSceneManifest_Generation = YES;
				INFOPLIST_KEY_UIApplicationSupportsIndirectInputEvents = YES;
				INFOPLIST_KEY_UILaunchScreen_Generation = YES;
				INFOPLIST_KEY_UISupportedInterfaceOrientations_iPad = "UIInterfaceOrientationPortrait UIInterfaceOrientationPortraitUpsideDown UIInterfaceOrientationLandscapeLeft UIInterfaceOrientationLandscapeRight";
				INFOPLIST_KEY_UISupportedInterfaceOrientations_iPhone = "UIInterfaceOrientationPortrait UIInterfaceOrientationLandscapeLeft UIInterfaceOrientationLandscapeRight";
				LD_RUNPATH_SEARCH_PATHS = (
					"$(inherited)",
					"@executable_path/Frameworks",
				);
				MARKETING_VERSION = 1.0;
				PRODUCT_BUNDLE_IDENTIFIER = "com.TZ-project";
				PRODUCT_NAME = "$(TARGET_NAME)";
				SWIFT_EMIT_LOC_STRINGS = YES;
				SWIFT_VERSION = 5.0;
				TARGETED_DEVICE_FAMILY = "1,2";
			};
			name = Release;
		};
		681FAB322DEC28C5007C2898 /* Debug */ = {
			isa = XCBuildConfiguration;
			buildSettings = {
				BUNDLE_LOADER = "$(TEST_HOST)";
				CODE_SIGN_STYLE = Automatic;
				CURRENT_PROJECT_VERSION = 1;
				GENERATE_INFOPLIST_FILE = YES;
				IPHONEOS_DEPLOYMENT_TARGET = 18.2;
				MARKETING_VERSION = 1.0;
				PRODUCT_BUNDLE_IDENTIFIER = "com.TZ-projectTests";
				PRODUCT_NAME = "$(TARGET_NAME)";
				SWIFT_EMIT_LOC_STRINGS = NO;
				SWIFT_VERSION = 5.0;
				TARGETED_DEVICE_FAMILY = "1,2";
				TEST_HOST = "$(BUILT_PRODUCTS_DIR)/TZ project.app/$(BUNDLE_EXECUTABLE_FOLDER_PATH)/TZ project";
			};
			name = Debug;
		};
		681FAB332DEC28C5007C2898 /* Release */ = {
			isa = XCBuildConfiguration;
			buildSettings = {
				BUNDLE_LOADER = "$(TEST_HOST)";
				CODE_SIGN_STYLE = Automatic;
				CURRENT_PROJECT_VERSION = 1;
				GENERATE_INFOPLIST_FILE = YES;
				IPHONEOS_DEPLOYMENT_TARGET = 18.2;
				MARKETING_VERSION = 1.0;
				PRODUCT_BUNDLE_IDENTIFIER = "com.TZ-projectTests";
				PRODUCT_NAME = "$(TARGET_NAME)";
				SWIFT_EMIT_LOC_STRINGS = NO;
				SWIFT_VERSION = 5.0;
				TARGETED_DEVICE_FAMILY = "1,2";
				TEST_HOST = "$(BUILT_PRODUCTS_DIR)/TZ project.app/$(BUNDLE_EXECUTABLE_FOLDER_PATH)/TZ project";
			};
			name = Release;
		};
		681FAB352DEC28C5007C2898 /* Debug */ = {
			isa = XCBuildConfiguration;
			buildSettings = {
				CODE_SIGN_STYLE = Automatic;
				CURRENT_PROJECT_VERSION = 1;
				GENERATE_INFOPLIST_FILE = YES;
				MARKETING_VERSION = 1.0;
				PRODUCT_BUNDLE_IDENTIFIER = "com.TZ-projectUITests";
				PRODUCT_NAME = "$(TARGET_NAME)";
				SWIFT_EMIT_LOC_STRINGS = NO;
				SWIFT_VERSION = 5.0;
				TARGETED_DEVICE_FAMILY = "1,2";
				TEST_TARGET_NAME = "TZ project";
			};
			name = Debug;
		};
		681FAB362DEC28C5007C2898 /* Release */ = {
			isa = XCBuildConfiguration;
			buildSettings = {
				CODE_SIGN_STYLE = Automatic;
				CURRENT_PROJECT_VERSION = 1;
				GENERATE_INFOPLIST_FILE = YES;
				MARKETING_VERSION = 1.0;
				PRODUCT_BUNDLE_IDENTIFIER = "com.TZ-projectUITests";
				PRODUCT_NAME = "$(TARGET_NAME)";
				SWIFT_EMIT_LOC_STRINGS = NO;
				SWIFT_VERSION = 5.0;
				TARGETED_DEVICE_FAMILY = "1,2";
				TEST_TARGET_NAME = "TZ project";
			};
			name = Release;
		};
/* End XCBuildConfiguration section */

/* Begin XCConfigurationList section */
		681FAB052DEC28C3007C2898 /* Build configuration list for PBXProject "TZ project" */ = {
			isa = XCConfigurationList;
			buildConfigurations = (
				681FAB2C2DEC28C5007C2898 /* Debug */,
				681FAB2D2DEC28C5007C2898 /* Release */,
			);
			defaultConfigurationIsVisible = 0;
			defaultConfigurationName = Release;
		};
		681FAB2E2DEC28C5007C2898 /* Build configuration list for PBXNativeTarget "TZ project" */ = {
			isa = XCConfigurationList;
			buildConfigurations = (
				681FAB2F2DEC28C5007C2898 /* Debug */,
				681FAB302DEC28C5007C2898 /* Release */,
			);
			defaultConfigurationIsVisible = 0;
			defaultConfigurationName = Release;
		};
		681FAB312DEC28C5007C2898 /* Build configuration list for PBXNativeTarget "TZ projectTests" */ = {
			isa = XCConfigurationList;
			buildConfigurations = (
				681FAB322DEC28C5007C2898 /* Debug */,
				681FAB332DEC28C5007C2898 /* Release */,
			);
			defaultConfigurationIsVisible = 0;
			defaultConfigurationName = Release;
		};
		681FAB342DEC28C5007C2898 /* Build configuration list for PBXNativeTarget "TZ projectUITests" */ = {
			isa = XCConfigurationList;
			buildConfigurations = (
				681FAB352DEC28C5007C2898 /* Debug */,
				681FAB362DEC28C5007C2898 /* Release */,
			);
			defaultConfigurationIsVisible = 0;
			defaultConfigurationName = Release;
		};
/* End XCConfigurationList section */

/* Begin XCRemoteSwiftPackageReference section */
		681FAB822DEC5CD4007C2898 /* XCRemoteSwiftPackageReference "firebase-ios-sdk" */ = {
			isa = XCRemoteSwiftPackageReference;
			repositoryURL = "https://github.com/firebase/firebase-ios-sdk";
			requirement = {
				kind = upToNextMajorVersion;
				minimumVersion = 11.13.0;
			};
		};
/* End XCRemoteSwiftPackageReference section */

/* Begin XCSwiftPackageProductDependency section */
		681FAB872DEC60BB007C2898 /* FirebaseAnalytics */ = {
			isa = XCSwiftPackageProductDependency;
			package = 681FAB822DEC5CD4007C2898 /* XCRemoteSwiftPackageReference "firebase-ios-sdk" */;
			productName = FirebaseAnalytics;
		};
		681FAB892DEC60BB007C2898 /* FirebaseCore */ = {
			isa = XCSwiftPackageProductDependency;
			package = 681FAB822DEC5CD4007C2898 /* XCRemoteSwiftPackageReference "firebase-ios-sdk" */;
			productName = FirebaseCore;
		};
		681FAB972DEC6214007C2898 /* FirebaseRemoteConfig */ = {
			isa = XCSwiftPackageProductDependency;
			package = 681FAB822DEC5CD4007C2898 /* XCRemoteSwiftPackageReference "firebase-ios-sdk" */;
			productName = FirebaseRemoteConfig;
		};
/* End XCSwiftPackageProductDependency section */
	};
	rootObject = 681FAB022DEC28C3007C2898 /* Project object */;
}
